
Microsoft Visual Studio Solution File, Format Version 12.00
# Visual Studio Version 17
VisualStudioVersion = 17.4.33205.214
MinimumVisualStudioVersion = 10.0.40219.1
Project("{2150E333-8FDC-42A3-9474-1A3956D46DE8}") = "SolutionItems", "SolutionItems", "{763A0842-0A34-4971-B2E0-0EB49CD9ABEF}"
	ProjectSection(SolutionItems) = preProject
		ServiceUrls.txt = ServiceUrls.txt
	EndProjectSection
EndProject
Project("{2150E333-8FDC-42A3-9474-1A3956D46DE8}") = "Src", "Src", "{B1EEB894-996E-4971-9C77-16E6C0AA8386}"
EndProject
Project("{2150E333-8FDC-42A3-9474-1A3956D46DE8}") = "Tests", "Tests", "{17962F7D-EC02-4D85-8C0F-F9B8DA342027}"
EndProject
Project("{2150E333-8FDC-42A3-9474-1A3956D46DE8}") = "ApiGateways", "ApiGateways", "{6C052250-D216-4C14-BE03-F3A7F27CD702}"
EndProject
Project("{2150E333-8FDC-42A3-9474-1A3956D46DE8}") = "BuildingBlocks", "BuildingBlocks", "{251B13AC-8FFA-4D87-96EC-D84937C3CA21}"
EndProject
Project("{2150E333-8FDC-42A3-9474-1A3956D46DE8}") = "Services", "Services", "{417DD543-190A-4E4B-B0BD-6AC0BBBD2954}"
EndProject
Project("{2150E333-8FDC-42A3-9474-1A3956D46DE8}") = "WebApiGateway", "WebApiGateway", "{D13956DD-7416-48A5-9B1B-1988FC30A2F9}"
EndProject
Project("{9A19103F-16F7-4668-BE54-9A1E7A4F7556}") = "Web.ApiGateway", "Src\ApiGateways\Web.ApiGateway\Web.ApiGateway.csproj", "{04A9A519-6B43-4A12-921D-EB7A7F0A8ACE}"
EndProject
Project("{2150E333-8FDC-42A3-9474-1A3956D46DE8}") = "EventBus", "EventBus", "{4B120946-7865-4505-B5B7-D87C9E6721E8}"
EndProject
Project("{9A19103F-16F7-4668-BE54-9A1E7A4F7556}") = "EventBus.Base", "Src\BuildingBlocks\EventBus\EventBus.Base\EventBus.Base.csproj", "{2CE67CA6-5140-4EDD-8F8E-444847A2EFC4}"
EndProject
Project("{9A19103F-16F7-4668-BE54-9A1E7A4F7556}") = "EventBus.Factory", "Src\BuildingBlocks\EventBus\EventBus.Factory\EventBus.Factory.csproj", "{DBD792E1-62D5-40F4-A216-84D792DEBDBD}"
EndProject
Project("{9A19103F-16F7-4668-BE54-9A1E7A4F7556}") = "EventBus.RabbitMQ", "Src\BuildingBlocks\EventBus\EventBus.RabbitMQ\EventBus.RabbitMQ.csproj", "{B44B9855-355B-4061-AC99-62E6369700D9}"
EndProject
Project("{2150E333-8FDC-42A3-9474-1A3956D46DE8}") = "ContactService", "ContactService", "{64E476BD-53CD-4218-932B-E7F04643F34E}"
EndProject
Project("{2150E333-8FDC-42A3-9474-1A3956D46DE8}") = "ReportService", "ReportService", "{4725FBE6-8C77-4FD8-B459-F47568F99E81}"
EndProject
Project("{9A19103F-16F7-4668-BE54-9A1E7A4F7556}") = "ContactService.Api", "Src\Services\ContactService\ContactService.Api\ContactService.Api.csproj", "{348C8818-1372-466E-9C4D-DF1439FC95FF}"
EndProject
Project("{9A19103F-16F7-4668-BE54-9A1E7A4F7556}") = "ReportService.Api", "Src\Services\ReportService\ReportService.Api\ReportService.Api.csproj", "{0751CAE7-BC2D-4506-BA0D-7B23F7F47CFD}"
EndProject
Global
	GlobalSection(SolutionConfigurationPlatforms) = preSolution
		Debug|Any CPU = Debug|Any CPU
		Release|Any CPU = Release|Any CPU
	EndGlobalSection
	GlobalSection(ProjectConfigurationPlatforms) = postSolution
		{04A9A519-6B43-4A12-921D-EB7A7F0A8ACE}.Debug|Any CPU.ActiveCfg = Debug|Any CPU
		{04A9A519-6B43-4A12-921D-EB7A7F0A8ACE}.Debug|Any CPU.Build.0 = Debug|Any CPU
		{04A9A519-6B43-4A12-921D-EB7A7F0A8ACE}.Release|Any CPU.ActiveCfg = Release|Any CPU
		{04A9A519-6B43-4A12-921D-EB7A7F0A8ACE}.Release|Any CPU.Build.0 = Release|Any CPU
		{2CE67CA6-5140-4EDD-8F8E-444847A2EFC4}.Debug|Any CPU.ActiveCfg = Debug|Any CPU
		{2CE67CA6-5140-4EDD-8F8E-444847A2EFC4}.Debug|Any CPU.Build.0 = Debug|Any CPU
		{2CE67CA6-5140-4EDD-8F8E-444847A2EFC4}.Release|Any CPU.ActiveCfg = Release|Any CPU
		{2CE67CA6-5140-4EDD-8F8E-444847A2EFC4}.Release|Any CPU.Build.0 = Release|Any CPU
		{DBD792E1-62D5-40F4-A216-84D792DEBDBD}.Debug|Any CPU.ActiveCfg = Debug|Any CPU
		{DBD792E1-62D5-40F4-A216-84D792DEBDBD}.Debug|Any CPU.Build.0 = Debug|Any CPU
		{DBD792E1-62D5-40F4-A216-84D792DEBDBD}.Release|Any CPU.ActiveCfg = Release|Any CPU
		{DBD792E1-62D5-40F4-A216-84D792DEBDBD}.Release|Any CPU.Build.0 = Release|Any CPU
		{B44B9855-355B-4061-AC99-62E6369700D9}.Debug|Any CPU.ActiveCfg = Debug|Any CPU
		{B44B9855-355B-4061-AC99-62E6369700D9}.Debug|Any CPU.Build.0 = Debug|Any CPU
		{B44B9855-355B-4061-AC99-62E6369700D9}.Release|Any CPU.ActiveCfg = Release|Any CPU
		{B44B9855-355B-4061-AC99-62E6369700D9}.Release|Any CPU.Build.0 = Release|Any CPU
		{348C8818-1372-466E-9C4D-DF1439FC95FF}.Debug|Any CPU.ActiveCfg = Debug|Any CPU
		{348C8818-1372-466E-9C4D-DF1439FC95FF}.Debug|Any CPU.Build.0 = Debug|Any CPU
		{348C8818-1372-466E-9C4D-DF1439FC95FF}.Release|Any CPU.ActiveCfg = Release|Any CPU
		{348C8818-1372-466E-9C4D-DF1439FC95FF}.Release|Any CPU.Build.0 = Release|Any CPU
		{0751CAE7-BC2D-4506-BA0D-7B23F7F47CFD}.Debug|Any CPU.ActiveCfg = Debug|Any CPU
		{0751CAE7-BC2D-4506-BA0D-7B23F7F47CFD}.Debug|Any CPU.Build.0 = Debug|Any CPU
		{0751CAE7-BC2D-4506-BA0D-7B23F7F47CFD}.Release|Any CPU.ActiveCfg = Release|Any CPU
		{0751CAE7-BC2D-4506-BA0D-7B23F7F47CFD}.Release|Any CPU.Build.0 = Release|Any CPU
	EndGlobalSection
	GlobalSection(SolutionProperties) = preSolution
		HideSolutionNode = FALSE
	EndGlobalSection
	GlobalSection(NestedProjects) = preSolution
		{6C052250-D216-4C14-BE03-F3A7F27CD702} = {B1EEB894-996E-4971-9C77-16E6C0AA8386}
		{251B13AC-8FFA-4D87-96EC-D84937C3CA21} = {B1EEB894-996E-4971-9C77-16E6C0AA8386}
		{417DD543-190A-4E4B-B0BD-6AC0BBBD2954} = {B1EEB894-996E-4971-9C77-16E6C0AA8386}
		{D13956DD-7416-48A5-9B1B-1988FC30A2F9} = {6C052250-D216-4C14-BE03-F3A7F27CD702}
		{04A9A519-6B43-4A12-921D-EB7A7F0A8ACE} = {D13956DD-7416-48A5-9B1B-1988FC30A2F9}
		{4B120946-7865-4505-B5B7-D87C9E6721E8} = {251B13AC-8FFA-4D87-96EC-D84937C3CA21}
		{2CE67CA6-5140-4EDD-8F8E-444847A2EFC4} = {4B120946-7865-4505-B5B7-D87C9E6721E8}
		{DBD792E1-62D5-40F4-A216-84D792DEBDBD} = {4B120946-7865-4505-B5B7-D87C9E6721E8}
		{B44B9855-355B-4061-AC99-62E6369700D9} = {4B120946-7865-4505-B5B7-D87C9E6721E8}
		{64E476BD-53CD-4218-932B-E7F04643F34E} = {417DD543-190A-4E4B-B0BD-6AC0BBBD2954}
		{4725FBE6-8C77-4FD8-B459-F47568F99E81} = {417DD543-190A-4E4B-B0BD-6AC0BBBD2954}
		{348C8818-1372-466E-9C4D-DF1439FC95FF} = {64E476BD-53CD-4218-932B-E7F04643F34E}
		{0751CAE7-BC2D-4506-BA0D-7B23F7F47CFD} = {4725FBE6-8C77-4FD8-B459-F47568F99E81}
	EndGlobalSection
	GlobalSection(ExtensibilityGlobals) = postSolution
		SolutionGuid = {BF6690BD-E3E3-4913-B3C8-64301A2F32C8}
	EndGlobalSection
EndGlobal
